
Microsoft Visual Studio Solution File, Format Version 12.00
# Visual Studio Version 17
VisualStudioVersion = 17.13.36105.23
MinimumVisualStudioVersion = 10.0.40219.1
Project("{FAE04EC0-301F-11D3-BF4B-00C04F79EFBC}") = "P001_WebApi", "P001_WebApi\P001_WebApi.csproj", "{4DC0EF01-A5C2-4614-841F-66A8A068AF52}"
EndProject
Project("{2150E333-8FDC-42A3-9474-1A3956D46DE8}") = "Api", "Api", "{02EA681E-C7D8-13C7-8484-4AC65E1B71E8}"
EndProject
Project("{2150E333-8FDC-42A3-9474-1A3956D46DE8}") = "Web", "Web", "{E469E2E5-665C-46FF-A4C2-3334BF6A72FE}"
EndProject
Global
	GlobalSection(SolutionConfigurationPlatforms) = preSolution
		Debug|Any CPU = Debug|Any CPU
		Release|Any CPU = Release|Any CPU
	EndGlobalSection
	GlobalSection(ProjectConfigurationPlatforms) = postSolution
		{4DC0EF01-A5C2-4614-841F-66A8A068AF52}.Debug|Any CPU.ActiveCfg = Debug|Any CPU
		{4DC0EF01-A5C2-4614-841F-66A8A068AF52}.Debug|Any CPU.Build.0 = Debug|Any CPU
		{4DC0EF01-A5C2-4614-841F-66A8A068AF52}.Release|Any CPU.ActiveCfg = Release|Any CPU
		{4DC0EF01-A5C2-4614-841F-66A8A068AF52}.Release|Any CPU.Build.0 = Release|Any CPU
	EndGlobalSection
	GlobalSection(SolutionProperties) = preSolution
		HideSolutionNode = FALSE
	EndGlobalSection
	GlobalSection(NestedProjects) = preSolution
		{4DC0EF01-A5C2-4614-841F-66A8A068AF52} = {02EA681E-C7D8-13C7-8484-4AC65E1B71E8}
	EndGlobalSection
	GlobalSection(ExtensibilityGlobals) = postSolution
		SolutionGuid = {0E1C0A51-7B34-40C4-BFDE-AC417D6AD86B}
	EndGlobalSection
EndGlobal
